{
    "name": "softshutdown",
    "version": "1.0.4",
    "lockfileVersion": 3,
    "requires": true,
    "packages": {
        "": {
            "name": "softshutdown",
            "version": "1.0.4",
            "license": "MIT",
            "dependencies": {
                "@quenty/loader": "^7.3.0",
                "@quenty/servicebag": "^7.2.0",
                "@quenty/softshutdown": "^4.4.0"
            }
        },
        "node_modules/@quenty/acceltween": {
            "version": "2.5.3",
            "resolved": "https://registry.npmjs.org/@quenty/acceltween/-/acceltween-2.5.3.tgz",
            "integrity": "sha512-RVvhySEzdB7WS3PSZWmPjHAzdzxmnf8XsOSpKWMxtdxB2sd7SKZNuUpsIvkq5CbcE+dGCo+Qjgij4zOus1ZpyA==",
            "license": "MIT",
            "funding": {
                "type": "patreon",
                "url": "https://www.patreon.com/quenty"
            }
        },
        "node_modules/@quenty/attributeutils": {
            "version": "9.4.0",
            "resolved": "https://registry.npmjs.org/@quenty/attributeutils/-/attributeutils-9.4.0.tgz",
            "integrity": "sha512-5rVeUrm7uqCyPsQjr+XxBz3c3Mj6Ac18qSrzataEYDfjuwn8pQY3AXT2YHD9auhihFQIt1As4QmQXNmny6m91A==",
            "license": "MIT",
            "dependencies": {
                "@quenty/brio": "^9.4.0",
                "@quenty/canceltoken": "^7.3.0",
                "@quenty/loader": "^7.3.0",
                "@quenty/maid": "^2.6.0",
                "@quenty/promise": "^7.2.0",
                "@quenty/rx": "^8.4.0",
                "@quenty/rxsignal": "^2.4.0",
                "@quenty/symbol": "^2.2.0"
            },
            "funding": {
                "type": "patreon",
                "url": "https://www.patreon.com/quenty"
            }
        },
        "node_modules/@quenty/baseobject": {
            "version": "7.2.0",
            "resolved": "https://registry.npmjs.org/@quenty/baseobject/-/baseobject-7.2.0.tgz",
            "integrity": "sha512-VDhCuSlSqCLO41aGK0JbHcEdSHvNaYcK5unyasO4lxyciGOu/qC9rGGQ69CZYYL2YtQwpeOS2vAoGSZ8X4FWWw==",
            "license": "MIT",
            "dependencies": {
                "@quenty/loader": "^7.3.0",
                "@quenty/maid": "^2.6.0"
            },
            "funding": {
                "type": "patreon",
                "url": "https://www.patreon.com/quenty"
            }
        },
        "node_modules/@quenty/basicpane": {
            "version": "8.4.0",
            "resolved": "https://registry.npmjs.org/@quenty/basicpane/-/basicpane-8.4.0.tgz",
            "integrity": "sha512-HH9s7DbX4L1OwI1y9NLkm1MPSuQN36TvSL66x7Mxtchot0q0puHGc7ykuFTJpIz/CaagGBeJFssiSzv5n758Lw==",
            "license": "MIT",
            "dependencies": {
                "@quenty/brio": "^9.4.0",
                "@quenty/loader": "^7.3.0",
                "@quenty/maid": "^2.6.0",
                "@quenty/rx": "^8.4.0",
                "@quenty/signal": "^3.2.0"
            },
            "funding": {
                "type": "patreon",
                "url": "https://www.patreon.com/quenty"
            }
        },
        "node_modules/@quenty/bindtocloseservice": {
            "version": "3.4.0",
            "resolved": "https://registry.npmjs.org/@quenty/bindtocloseservice/-/bindtocloseservice-3.4.0.tgz",
            "integrity": "sha512-DP0tQkJJG6sFle7T6fhwCcR7T8FDdnIAHcL1i8dC3thqjDiAD5Pkex9tUYZHKqHjBNqkuF5LzCEzN6fu3EIu2A==",
            "license": "MIT",
            "dependencies": {
                "@quenty/loader": "^7.3.0",
                "@quenty/maid": "^2.6.0",
                "@quenty/promise": "^7.2.0",
                "@quenty/symbol": "^2.2.0"
            },
            "funding": {
                "type": "patreon",
                "url": "https://www.patreon.com/quenty"
            }
        },
        "node_modules/@quenty/blend": {
            "version": "7.4.0",
            "resolved": "https://registry.npmjs.org/@quenty/blend/-/blend-7.4.0.tgz",
            "integrity": "sha512-MOOtaSge9dw11NYpRKFWHX7SlQMRzJHu2WFsaF3LIse98+TXKj2Q9aTkZaBHMQkq41ngpLaODur7EzNZW7/k3A==",
            "license": "MIT",
            "dependencies": {
                "@quenty/acceltween": "^2.3.0",
                "@quenty/brio": "^9.4.0",
                "@quenty/instanceutils": "^8.4.0",
                "@quenty/loader": "^7.3.0",
                "@quenty/maid": "^2.6.0",
                "@quenty/promise": "^7.2.0",
                "@quenty/rx": "^8.4.0",
                "@quenty/signal": "^3.2.0",
                "@quenty/spring": "^7.2.0",
                "@quenty/steputils": "^3.3.0",
                "@quenty/string": "^3.1.0",
                "@quenty/valuebaseutils": "^8.4.0",
                "@quenty/valueobject": "^8.4.0"
            },
            "funding": {
                "type": "patreon",
                "url": "https://www.patreon.com/quenty"
            }
        },
        "node_modules/@quenty/brio": {
            "version": "9.4.0",
            "resolved": "https://registry.npmjs.org/@quenty/brio/-/brio-9.4.0.tgz",
            "integrity": "sha512-ux1yllgNdOgpN9EkWTYZa3ielc2tcnM4zg8Sr+5JbwC1wGkvfWDzSmbBYSz8JIY7nkh9GlSrbbPPiYZqFM0J4w==",
            "license": "MIT",
            "dependencies": {
                "@quenty/loader": "^7.3.0",
                "@quenty/maid": "^2.6.0",
                "@quenty/rx": "^8.4.0",
                "@quenty/signal": "^3.2.0",
                "@quenty/steputils": "^3.3.0"
            },
            "funding": {
                "type": "patreon",
                "url": "https://www.patreon.com/quenty"
            }
        },
        "node_modules/@quenty/cancellabledelay": {
            "version": "3.6.0",
            "resolved": "https://registry.npmjs.org/@quenty/cancellabledelay/-/cancellabledelay-3.6.0.tgz",
            "integrity": "sha512-IMjBMxIcu2uyGVM4snQ+/XkWI8EACidHaT+BPazbnaQm8rBRce2sBqvh3H3k+/2kkrhvuvdFt7LmSX2MDnHv2g==",
            "license": "MIT",
            "funding": {
                "type": "patreon",
                "url": "https://www.patreon.com/quenty"
            }
        },
        "node_modules/@quenty/canceltoken": {
            "version": "7.3.0",
            "resolved": "https://registry.npmjs.org/@quenty/canceltoken/-/canceltoken-7.3.0.tgz",
            "integrity": "sha512-cVuXakY19gJRMQqVO7tJQwdhfAX13hehjSvKQzLHai8Xo9BU947/sE0/VN2X/o8TXAOXbsMHoP1vGPLxm4bbOw==",
            "license": "MIT",
            "dependencies": {
                "@quenty/loader": "^7.3.0",
                "@quenty/maid": "^2.6.0",
                "@quenty/promise": "^7.2.0",
                "@quenty/signal": "^3.2.0"
            },
            "funding": {
                "type": "patreon",
                "url": "https://www.patreon.com/quenty"
            }
        },
        "node_modules/@quenty/characterutils": {
            "version": "7.4.0",
            "resolved": "https://registry.npmjs.org/@quenty/characterutils/-/characterutils-7.4.0.tgz",
            "integrity": "sha512-6eYb2XL6uuT0pvp3zjCOwpfMyhc28WDa+ahinTtizQrFSTVGUFFz8RrrAK2Z0CQOlHi84njrbN7U2CDFH67Uuw==",
            "license": "MIT",
            "dependencies": {
                "@quenty/brio": "^9.4.0",
                "@quenty/deferred": "^2.1.0",
                "@quenty/instanceutils": "^8.4.0",
                "@quenty/loader": "^7.3.0",
                "@quenty/maid": "^2.6.0",
                "@quenty/promise": "^7.2.0",
                "@quenty/rx": "^8.4.0"
            },
            "funding": {
                "type": "patreon",
                "url": "https://www.patreon.com/quenty"
            }
        },
        "node_modules/@quenty/clienttranslator": {
            "version": "9.4.0",
            "resolved": "https://registry.npmjs.org/@quenty/clienttranslator/-/clienttranslator-9.4.0.tgz",
            "integrity": "sha512-oF6IA9aFFZ70J3EPoflBfCcI2zWIh0xzSRvV0j6CF/rzHEFtFSAmPEGJsLjGiki4eId1WK+a8uHwkyCPZBmfyA==",
            "license": "MIT",
            "dependencies": {
                "@quenty/blend": "^7.4.0",
                "@quenty/instanceutils": "^8.4.0",
                "@quenty/loader": "^7.3.0",
                "@quenty/maid": "^2.6.0",
                "@quenty/promise": "^7.2.0",
                "@quenty/pseudolocalize": "^3.2.0",
                "@quenty/rx": "^8.4.0",
                "@quenty/string": "^3.1.0",
                "@quenty/table": "^3.4.0"
            },
            "funding": {
                "type": "patreon",
                "url": "https://www.patreon.com/quenty"
            }
        },
        "node_modules/@quenty/coreguienabler": {
            "version": "7.4.0",
            "resolved": "https://registry.npmjs.org/@quenty/coreguienabler/-/coreguienabler-7.4.0.tgz",
            "integrity": "sha512-itMAJJsTX3dtipevqrt+3+05Ji/cfTLgpZzxFGUZKQil1aFXn2Abax6ZmK2LXWTuGzCIm6BGNArcaYoRY5LvOA==",
            "license": "MIT",
            "dependencies": {
                "@quenty/characterutils": "^7.4.0",
                "@quenty/loader": "^7.3.0",
                "@quenty/maid": "^2.6.0",
                "@quenty/rx": "^8.4.0",
                "@quenty/symbol": "^2.2.0"
            },
            "funding": {
                "type": "patreon",
                "url": "https://www.patreon.com/quenty"
            }
        },
        "node_modules/@quenty/datastore": {
            "version": "8.4.0",
            "resolved": "https://registry.npmjs.org/@quenty/datastore/-/datastore-8.4.0.tgz",
            "integrity": "sha512-7zQtWJicZAN4IHUjzynD4ipXegLih9DOtx5libZLqKJKoEbz60XSpQMMKJgyUn8c+p5amfediyRfRK7apS3JCg==",
            "license": "MIT",
            "dependencies": {
                "@quenty/baseobject": "^7.2.0",
                "@quenty/bindtocloseservice": "^3.4.0",
                "@quenty/loader": "^7.3.0",
                "@quenty/maid": "^2.6.0",
                "@quenty/math": "^2.5.0",
                "@quenty/promise": "^7.2.0",
                "@quenty/rx": "^8.4.0",
                "@quenty/servicebag": "^7.2.0",
                "@quenty/signal": "^3.2.0",
                "@quenty/symbol": "^2.2.0",
                "@quenty/table": "^3.4.0",
                "@quenty/valueobject": "^8.4.0"
            },
            "funding": {
                "type": "patreon",
                "url": "https://www.patreon.com/quenty"
            }
        },
        "node_modules/@quenty/deferred": {
            "version": "2.3.0",
            "resolved": "https://registry.npmjs.org/@quenty/deferred/-/deferred-2.3.0.tgz",
            "integrity": "sha512-KuLtPIgj+fA95QK5G0pTezBNJvSMdaRhm40O0iDr08JSdEKG8Xm3Ua4H9bexcmuXb8bbEsV3Dahs/1SrxZbr9g==",
            "license": "MIT",
            "funding": {
                "type": "patreon",
                "url": "https://www.patreon.com/quenty"
            }
        },
        "node_modules/@quenty/enumutils": {
            "version": "3.4.2",
            "resolved": "https://registry.npmjs.org/@quenty/enumutils/-/enumutils-3.4.2.tgz",
            "integrity": "sha512-Q4/DIevzbtKef3ozhzgk36wo+tUHQfUsFQrQKNu6J1BY0gVG7Kk55nADiH8Ha37bux+p637ul5/82YAUckebHA==",
            "license": "MIT",
            "funding": {
                "type": "patreon",
                "url": "https://www.patreon.com/quenty"
            }
        },
        "node_modules/@quenty/instanceutils": {
            "version": "8.4.0",
            "resolved": "https://registry.npmjs.org/@quenty/instanceutils/-/instanceutils-8.4.0.tgz",
            "integrity": "sha512-PBhO4bcGQAXDrmfZv/hPJD+yBgzy/g2EeN6PDwOLz0T6lbxyr83w1nWbLrKdTluTd4O8CPRC2afIe3SeUscWAg==",
            "license": "MIT",
            "dependencies": {
                "@quenty/brio": "^9.4.0",
                "@quenty/loader": "^7.3.0",
                "@quenty/maid": "^2.6.0",
                "@quenty/rx": "^8.4.0",
                "@quenty/symbol": "^2.2.0"
            },
            "funding": {
                "type": "patreon",
                "url": "https://www.patreon.com/quenty"
            }
        },
        "node_modules/@quenty/loader": {
            "version": "7.3.0",
            "resolved": "https://registry.npmjs.org/@quenty/loader/-/loader-7.3.0.tgz",
            "integrity": "sha512-uJ2XBKvLabh9Km2C6fahAHTG1AH6qVhNnYHm5X3y9Ozb7V4OXO0rlAVw/+5FZCbQMIYE2IZ93blcJ2EftlnsyQ==",
            "license": "MIT",
            "funding": {
                "type": "patreon",
                "url": "https://www.patreon.com/quenty"
            }
        },
        "node_modules/@quenty/maid": {
            "version": "2.6.0",
            "resolved": "https://registry.npmjs.org/@quenty/maid/-/maid-2.6.0.tgz",
            "integrity": "sha512-rIo3S55ZsEmzDIXklh+mSzBEbw3GxhkTUDjsN5oNmhAOWsVYcPOVdq87l/KYMmY5gX44mW3a/gUdxYay5mD+6A==",
            "license": "MIT",
            "funding": {
                "type": "patreon",
                "url": "https://www.patreon.com/quenty"
            }
        },
        "node_modules/@quenty/math": {
            "version": "2.7.3",
            "resolved": "https://registry.npmjs.org/@quenty/math/-/math-2.7.3.tgz",
            "integrity": "sha512-MdbR9C+mTpBFG2rR3mmgPNOYKzcbAb2qo/s5jab23GWxMV+NhfZroxixAplzKF405LC9Md6/+U1Fd9Ge+Q66qQ==",
            "license": "MIT",
            "funding": {
                "type": "patreon",
                "url": "https://www.patreon.com/quenty"
            }
        },
        "node_modules/@quenty/promise": {
            "version": "7.2.0",
            "resolved": "https://registry.npmjs.org/@quenty/promise/-/promise-7.2.0.tgz",
            "integrity": "sha512-iKRg3wyxu1gpYh1plVu2qcX/Gt/LCJMoPVjU75iV2nRHsODSJPHyCE4Sb6KFvE4/hDfsbahWFqLX2o0VoQhvsA==",
            "license": "MIT",
            "dependencies": {
                "@quenty/deferred": "^2.1.0",
                "@quenty/loader": "^7.3.0",
                "@quenty/maid": "^2.6.0"
            },
            "funding": {
                "type": "patreon",
                "url": "https://www.patreon.com/quenty"
            }
        },
        "node_modules/@quenty/pseudolocalize": {
            "version": "3.5.0",
            "resolved": "https://registry.npmjs.org/@quenty/pseudolocalize/-/pseudolocalize-3.5.0.tgz",
            "integrity": "sha512-kzeDafA+8WVq2wyu++mKKNltv/YnhyCLt+odZCNbAkydE1Quj7jHC+9gLEyH3OuWfkSxIQopw/6Qr320C1xSQg==",
            "license": "MIT",
            "funding": {
                "type": "patreon",
                "url": "https://www.patreon.com/quenty"
            }
        },
        "node_modules/@quenty/rx": {
            "version": "8.4.0",
            "resolved": "https://registry.npmjs.org/@quenty/rx/-/rx-8.4.0.tgz",
            "integrity": "sha512-K7x3x2lzc7M1c8F44ZAG/nCLE/801yuGfiN4D2ncJSo1/k1cK+e0S91J4YWHMsGXQIsZ5zCMAzA8p4p97vtVjQ==",
            "license": "MIT",
            "dependencies": {
                "@quenty/cancellabledelay": "^3.4.0",
                "@quenty/canceltoken": "^7.3.0",
                "@quenty/loader": "^7.3.0",
                "@quenty/maid": "^2.6.0",
                "@quenty/promise": "^7.2.0",
                "@quenty/signal": "^3.2.0",
                "@quenty/symbol": "^2.2.0",
                "@quenty/table": "^3.4.0",
                "@quenty/throttle": "^7.2.0"
            },
            "funding": {
                "type": "patreon",
                "url": "https://www.patreon.com/quenty"
            }
        },
        "node_modules/@quenty/rxsignal": {
            "version": "2.4.0",
            "resolved": "https://registry.npmjs.org/@quenty/rxsignal/-/rxsignal-2.4.0.tgz",
            "integrity": "sha512-pF+Pb9putY+6CioXUJ94S2Gl8ul2e90xEPEqnTAgvPrYB51YMlV12zWCGkfYug2h+Sdj3TaFSFLjJ7w3J2sLPg==",
            "license": "MIT",
            "dependencies": {
                "@quenty/loader": "^7.3.0",
                "@quenty/rx": "^8.4.0"
            },
            "funding": {
                "type": "patreon",
                "url": "https://www.patreon.com/quenty"
            }
        },
        "node_modules/@quenty/servicebag": {
            "version": "7.2.0",
            "resolved": "https://registry.npmjs.org/@quenty/servicebag/-/servicebag-7.2.0.tgz",
            "integrity": "sha512-rXIisA1vLBUbsNZ9M22ofIPe1npp7DlPtysGdu1kmuXwqBfFJ52qEAA4ax9asK38Ym2TQtAneGWgxH2ktDlriw==",
            "license": "MIT",
            "dependencies": {
                "@quenty/baseobject": "^7.2.0",
                "@quenty/loader": "^7.3.0",
                "@quenty/signal": "^3.2.0"
            },
            "funding": {
                "type": "patreon",
                "url": "https://www.patreon.com/quenty"
            }
        },
        "node_modules/@quenty/signal": {
            "version": "3.2.0",
            "resolved": "https://registry.npmjs.org/@quenty/signal/-/signal-3.2.0.tgz",
            "integrity": "sha512-kd03A48KL9f/CQE5u7afeL+3dzhRCn0LWz8fveSSNN3EpfKwfrKSJC75a/33Jw0uL+p0eob2eHZy7JnR0u2EHA==",
            "license": "MIT",
            "dependencies": {
                "@quenty/loader": "^7.3.0"
            },
            "funding": {
                "type": "patreon",
                "url": "https://www.patreon.com/quenty"
            }
        },
        "node_modules/@quenty/softshutdown": {
            "version": "4.4.0",
            "resolved": "https://registry.npmjs.org/@quenty/softshutdown/-/softshutdown-4.4.0.tgz",
            "integrity": "sha512-J+Out5oy5pyFDQR2gwGmcqKpDrmcPmfuU/caeTd3wMiyLPplWIj3AjK9wpk0b+FBrQKCG7E7Sg6R4vUv9iBZRg==",
            "license": "MIT",
            "dependencies": {
                "@quenty/attributeutils": "^9.4.0",
                "@quenty/baseobject": "^7.2.0",
                "@quenty/basicpane": "^8.4.0",
                "@quenty/bindtocloseservice": "^3.4.0",
                "@quenty/blend": "^7.4.0",
                "@quenty/clienttranslator": "^9.4.0",
                "@quenty/coreguienabler": "^7.4.0",
                "@quenty/datastore": "^8.4.0",
                "@quenty/loader": "^7.3.0",
                "@quenty/maid": "^2.6.0",
                "@quenty/math": "^2.5.0",
                "@quenty/promise": "^7.2.0",
                "@quenty/rx": "^8.4.0",
                "@quenty/servicebag": "^7.2.0",
                "@quenty/table": "^3.4.0",
                "@quenty/teleportserviceutils": "^4.4.0",
                "@quenty/uiobjectutils": "^3.6.0",
                "@quenty/valuebaseutils": "^8.4.0",
                "@quenty/valueobject": "^8.4.0"
            },
            "funding": {
                "type": "patreon",
                "url": "https://www.patreon.com/quenty"
            }
        },
        "node_modules/@quenty/spring": {
            "version": "7.2.0",
            "resolved": "https://registry.npmjs.org/@quenty/spring/-/spring-7.2.0.tgz",
            "integrity": "sha512-JkAPK6Kq+x8aKb35W1GwqIAYbgbLs22JkhFC495cYbfvUFcCHAw2untAx3AwBJiHgN9SysGEqHxlXGdXCEq7fQ==",
            "license": "MIT",
            "dependencies": {
                "@quenty/loader": "^7.3.0"
            },
            "funding": {
                "type": "patreon",
                "url": "https://www.patreon.com/quenty"
            }
        },
        "node_modules/@quenty/steputils": {
            "version": "3.6.0",
            "resolved": "https://registry.npmjs.org/@quenty/steputils/-/steputils-3.6.0.tgz",
            "integrity": "sha512-7E5kQeXnREaPp2BbD/ypoNOvKoENB+kVsA/38htiIJyac/VdKseM9SjxgOWSPQo8llXQWk0knI+XO6t0iZPIeA==",
            "license": "MIT",
            "funding": {
                "type": "patreon",
                "url": "https://www.patreon.com/quenty"
            }
        },
        "node_modules/@quenty/string": {
            "version": "3.3.3",
            "resolved": "https://registry.npmjs.org/@quenty/string/-/string-3.3.3.tgz",
            "integrity": "sha512-A6+DUEjmllLjXBDx1VSQEmNOivSE50q619lBrjuJUHbHtEr/A1jdgyy4EM6znC5wOhAVyuUmThbSn53SPpus+A==",
            "license": "MIT",
            "funding": {
                "type": "patreon",
                "url": "https://www.patreon.com/quenty"
            }
        },
        "node_modules/@quenty/symbol": {
            "version": "2.2.0",
            "resolved": "https://registry.npmjs.org/@quenty/symbol/-/symbol-2.2.0.tgz",
            "integrity": "sha512-X7H0/gwo1Sg3d0XHBps29nJ55PN1VTtnhOtTWSe1gqNrqvQ4V7JTzMio3tkkbrmol4yX8EhZn2XUiUsRfmg5Lw==",
            "license": "MIT",
            "funding": {
                "type": "patreon",
                "url": "https://www.patreon.com/quenty"
            }
        },
        "node_modules/@quenty/table": {
            "version": "3.8.0",
            "resolved": "https://registry.npmjs.org/@quenty/table/-/table-3.8.0.tgz",
            "integrity": "sha512-e/jopMNXPPq+gKLHsWWT3S4JBCVeqRFZCcxKiz9jVhlweBtYGo29/pDn8tWaSDOqeupKxnW5L3OUCo/gGkiwgg==",
            "license": "MIT",
            "funding": {
                "type": "patreon",
                "url": "https://www.patreon.com/quenty"
            }
        },
        "node_modules/@quenty/teleportserviceutils": {
            "version": "4.4.0",
            "resolved": "https://registry.npmjs.org/@quenty/teleportserviceutils/-/teleportserviceutils-4.4.0.tgz",
            "integrity": "sha512-Y834Fa+IrTtO2jfIxbLh+GEk2HFXl0zQliLR9JNfJidnf8rsugO3Q+Nj+WQoEngjC8KwuudEkqZtU8aCPbwD9A==",
            "license": "MIT",
            "dependencies": {
                "@quenty/brio": "^9.4.0",
                "@quenty/loader": "^7.3.0",
                "@quenty/maid": "^2.6.0",
                "@quenty/promise": "^7.2.0",
                "@quenty/rx": "^8.4.0",
                "@quenty/valueobject": "^8.4.0"
            },
            "funding": {
                "type": "patreon",
                "url": "https://www.patreon.com/quenty"
            }
        },
        "node_modules/@quenty/throttle": {
            "version": "7.2.0",
            "resolved": "https://registry.npmjs.org/@quenty/throttle/-/throttle-7.2.0.tgz",
            "integrity": "sha512-t7oqFQEYqiamVACx5d8KROTWEKpdDQswEy8+nbHfgc61jS5GCKyFsA8ezbhmhzLCOmNLCZ4tQlVZOeW2HV7+qg==",
            "license": "MIT",
            "dependencies": {
                "@quenty/loader": "^7.3.0"
            },
            "funding": {
                "type": "patreon",
                "url": "https://www.patreon.com/quenty"
            }
        },
        "node_modules/@quenty/uiobjectutils": {
            "version": "3.6.0",
            "resolved": "https://registry.npmjs.org/@quenty/uiobjectutils/-/uiobjectutils-3.6.0.tgz",
            "integrity": "sha512-cNkDGGrHo9d6mpyvsj2gKXWzNf7La36eQYLYXnBvsOr/i7cW41qBpP3nQCBvVxOCCvc3TD+p1F9ZbbxbczDnwQ==",
            "license": "MIT",
            "dependencies": {
                "@quenty/enumutils": "^3.1.0",
                "@quenty/loader": "^7.3.0"
            },
            "funding": {
                "type": "patreon",
                "url": "https://www.patreon.com/quenty"
            }
        },
        "node_modules/@quenty/valuebaseutils": {
            "version": "8.4.0",
            "resolved": "https://registry.npmjs.org/@quenty/valuebaseutils/-/valuebaseutils-8.4.0.tgz",
            "integrity": "sha512-F7Sd7qB+G0AOd9w2QiMcNqU0r2aoMOJNVOqDylvK5zgqvxbgCFWA1Cg+pcfzYNuQmkjxyKGBZvUeqOOTnloi8w==",
            "license": "MIT",
            "dependencies": {
                "@quenty/brio": "^9.4.0",
                "@quenty/instanceutils": "^8.4.0",
                "@quenty/loader": "^7.3.0",
                "@quenty/promise": "^7.2.0",
                "@quenty/rx": "^8.4.0",
                "@quenty/rxsignal": "^2.4.0"
            },
            "funding": {
                "type": "patreon",
                "url": "https://www.patreon.com/quenty"
            }
        },
        "node_modules/@quenty/valueobject": {
            "version": "8.4.0",
            "resolved": "https://registry.npmjs.org/@quenty/valueobject/-/valueobject-8.4.0.tgz",
            "integrity": "sha512-8KZc3Y6ddFC7vSBC6sIKxWimuWFuTAy9ORcfwV7pdf3PP32OLv0lB1GbxJlYKn2vgtE+yh5Q2jP/RILDtFjD+A==",
            "license": "MIT",
            "dependencies": {
                "@quenty/brio": "^9.4.0",
                "@quenty/loader": "^7.3.0",
                "@quenty/maid": "^2.6.0",
                "@quenty/rx": "^8.4.0",
                "@quenty/signal": "^3.2.0",
                "@quenty/valuebaseutils": "^8.4.0"
            },
            "funding": {
                "type": "patreon",
                "url": "https://www.patreon.com/quenty"
            }
        }
    }
}
