{
    "name": "softshutdown",
    "version": "1.0.2",
    "lockfileVersion": 3,
    "requires": true,
    "packages": {
        "": {
            "name": "softshutdown",
            "version": "1.0.2",
            "license": "MIT",
            "dependencies": {
                "@quenty/loader": "^10.9.0",
                "@quenty/servicebag": "^11.13.1",
                "@quenty/softshutdown": "^9.26.1"
            }
        },
        "node_modules/@quenty/acceltween": {
            "version": "2.5.3",
            "resolved": "https://registry.npmjs.org/@quenty/acceltween/-/acceltween-2.5.3.tgz",
            "integrity": "sha512-RVvhySEzdB7WS3PSZWmPjHAzdzxmnf8XsOSpKWMxtdxB2sd7SKZNuUpsIvkq5CbcE+dGCo+Qjgij4zOus1ZpyA==",
            "license": "MIT",
            "funding": {
                "type": "patreon",
                "url": "https://www.patreon.com/quenty"
            }
        },
        "node_modules/@quenty/attributeutils": {
            "version": "14.18.1",
            "resolved": "https://registry.npmjs.org/@quenty/attributeutils/-/attributeutils-14.18.1.tgz",
            "integrity": "sha512-jCyuKd9cSXnWmmHPqFlqcr1WMKIlrR61/IdzCxJby19J4dqEvLHPi7FrfWiGgq0AYvZ/p5aRnhAdvnVwMwYw/Q==",
            "license": "MIT",
            "dependencies": {
                "@quenty/brio": "^14.18.1",
                "@quenty/canceltoken": "^11.12.1",
                "@quenty/loader": "^10.9.0",
                "@quenty/maid": "^3.5.0",
                "@quenty/promise": "^10.11.0",
                "@quenty/rx": "^13.18.1",
                "@quenty/rxsignal": "^7.18.1",
                "@quenty/symbol": "^3.5.0"
            },
            "funding": {
                "type": "patreon",
                "url": "https://www.patreon.com/quenty"
            }
        },
        "node_modules/@quenty/baseobject": {
            "version": "10.9.0",
            "resolved": "https://registry.npmjs.org/@quenty/baseobject/-/baseobject-10.9.0.tgz",
            "integrity": "sha512-aXlonh4bNYPKr5WWlI4c70mq4qFPz/RGu1fr5gF0eux6WRrgsWGCffeqU8j29IOCQDi/zS3mMMPfmquqSCpN7w==",
            "license": "MIT",
            "dependencies": {
                "@quenty/loader": "^10.9.0",
                "@quenty/maid": "^3.5.0"
            },
            "funding": {
                "type": "patreon",
                "url": "https://www.patreon.com/quenty"
            }
        },
        "node_modules/@quenty/basicpane": {
            "version": "13.18.1",
            "resolved": "https://registry.npmjs.org/@quenty/basicpane/-/basicpane-13.18.1.tgz",
            "integrity": "sha512-640QQDYVgXjTFZFrKHAA/YqLHMvUMyzl4aUBJceq5b43kDYy22NXf2ksvr3z7azDK3XyOFPSr8kcVMgvzXB5lA==",
            "license": "MIT",
            "dependencies": {
                "@quenty/brio": "^14.18.1",
                "@quenty/ducktype": "^5.9.0",
                "@quenty/loader": "^10.9.0",
                "@quenty/maid": "^3.5.0",
                "@quenty/rx": "^13.18.1",
                "@quenty/signal": "^7.11.1",
                "@quenty/valueobject": "^13.18.1"
            },
            "funding": {
                "type": "patreon",
                "url": "https://www.patreon.com/quenty"
            }
        },
        "node_modules/@quenty/bindtocloseservice": {
            "version": "8.18.1",
            "resolved": "https://registry.npmjs.org/@quenty/bindtocloseservice/-/bindtocloseservice-8.18.1.tgz",
            "integrity": "sha512-7nuqdfshdFHozIHxCw+gOn10hFkFhmrVNnl7643noVok3z3qwtd2tzh1w9yWHANAl99VxiNjKXpNEVTM1pU59Q==",
            "license": "MIT",
            "dependencies": {
                "@quenty/loader": "^10.9.0",
                "@quenty/maid": "^3.5.0",
                "@quenty/promise": "^10.11.0",
                "@quenty/symbol": "^3.5.0"
            },
            "funding": {
                "type": "patreon",
                "url": "https://www.patreon.com/quenty"
            }
        },
        "node_modules/@quenty/blend": {
            "version": "12.19.1",
            "resolved": "https://registry.npmjs.org/@quenty/blend/-/blend-12.19.1.tgz",
            "integrity": "sha512-968tnm2SRsVeOgFKpgZ9br0AIYWI+Vy3+XkMQTPupPYcPxamQMT91cCtv1Zv8iLSk7xnDvOHYD/LMngW413pqw==",
            "license": "MIT",
            "dependencies": {
                "@quenty/acceltween": "^2.5.3",
                "@quenty/brio": "^14.18.1",
                "@quenty/ducktype": "^5.9.0",
                "@quenty/instanceutils": "^13.18.1",
                "@quenty/loader": "^10.9.0",
                "@quenty/maid": "^3.5.0",
                "@quenty/promise": "^10.11.0",
                "@quenty/rx": "^13.18.1",
                "@quenty/signal": "^7.11.1",
                "@quenty/spring": "^10.9.0",
                "@quenty/steputils": "^3.6.0",
                "@quenty/string": "^3.3.3",
                "@quenty/valuebaseutils": "^13.18.1",
                "@quenty/valueobject": "^13.18.1"
            },
            "funding": {
                "type": "patreon",
                "url": "https://www.patreon.com/quenty"
            }
        },
        "node_modules/@quenty/brio": {
            "version": "14.18.1",
            "resolved": "https://registry.npmjs.org/@quenty/brio/-/brio-14.18.1.tgz",
            "integrity": "sha512-TyaGMywL1l9YxlIoD09eT1TjyR7O4vezlFxDzupDY2AdkAXoXEoqF76hSaViP+zzkRgNlTm8NsdfadNcjcPqVQ==",
            "license": "MIT",
            "dependencies": {
                "@quenty/loader": "^10.9.0",
                "@quenty/maid": "^3.5.0",
                "@quenty/rx": "^13.18.1",
                "@quenty/signal": "^7.11.1",
                "@quenty/steputils": "^3.6.0",
                "@quenty/table": "^3.8.0"
            },
            "funding": {
                "type": "patreon",
                "url": "https://www.patreon.com/quenty"
            }
        },
        "node_modules/@quenty/cancellabledelay": {
            "version": "3.6.0",
            "resolved": "https://registry.npmjs.org/@quenty/cancellabledelay/-/cancellabledelay-3.6.0.tgz",
            "integrity": "sha512-IMjBMxIcu2uyGVM4snQ+/XkWI8EACidHaT+BPazbnaQm8rBRce2sBqvh3H3k+/2kkrhvuvdFt7LmSX2MDnHv2g==",
            "license": "MIT",
            "funding": {
                "type": "patreon",
                "url": "https://www.patreon.com/quenty"
            }
        },
        "node_modules/@quenty/canceltoken": {
            "version": "11.12.1",
            "resolved": "https://registry.npmjs.org/@quenty/canceltoken/-/canceltoken-11.12.1.tgz",
            "integrity": "sha512-b+wNwYsrR6CkIx4Zs3jiKD9/pKgD1Wb3hX86xvEh2AgS/6ywLlTlbJ1AWEBnJ3RkDdDXMWokmhQXg+Ohuyd/2A==",
            "license": "MIT",
            "dependencies": {
                "@quenty/ducktype": "^5.9.0",
                "@quenty/loader": "^10.9.0",
                "@quenty/maid": "^3.5.0",
                "@quenty/promise": "^10.11.0",
                "@quenty/signal": "^7.11.1"
            },
            "funding": {
                "type": "patreon",
                "url": "https://www.patreon.com/quenty"
            }
        },
        "node_modules/@quenty/characterutils": {
            "version": "12.20.1",
            "resolved": "https://registry.npmjs.org/@quenty/characterutils/-/characterutils-12.20.1.tgz",
            "integrity": "sha512-SGdm2fBg4GdmlNADOhBrfntClQNH6/e3kKP9DLoEp23bSreL9Sh1KJgwrj+6JOY2wFnRRveit2UYfmiuTEHSHg==",
            "license": "MIT",
            "dependencies": {
                "@quenty/brio": "^14.18.1",
                "@quenty/deferred": "^2.3.0",
                "@quenty/instanceutils": "^13.18.1",
                "@quenty/loader": "^10.9.0",
                "@quenty/maid": "^3.5.0",
                "@quenty/promise": "^10.11.0",
                "@quenty/rx": "^13.18.1"
            },
            "funding": {
                "type": "patreon",
                "url": "https://www.patreon.com/quenty"
            }
        },
        "node_modules/@quenty/clienttranslator": {
            "version": "14.20.1",
            "resolved": "https://registry.npmjs.org/@quenty/clienttranslator/-/clienttranslator-14.20.1.tgz",
            "integrity": "sha512-os3nt2EFV51puuZAp57aHYy/7AnP3WoZfcTpuctWvR2qXBKvqEdjVRaVOXDnHQFpylxPR9EtrrgiA62R3ReOiQ==",
            "license": "MIT",
            "dependencies": {
                "@quenty/blend": "^12.19.1",
                "@quenty/instanceutils": "^13.18.1",
                "@quenty/loader": "^10.9.0",
                "@quenty/maid": "^3.5.0",
                "@quenty/promise": "^10.11.0",
                "@quenty/promisemaid": "^5.11.0",
                "@quenty/pseudolocalize": "^3.5.0",
                "@quenty/rx": "^13.18.1",
                "@quenty/string": "^3.3.3",
                "@quenty/table": "^3.8.0",
                "@quenty/valueobject": "^13.18.1"
            },
            "funding": {
                "type": "patreon",
                "url": "https://www.patreon.com/quenty"
            }
        },
        "node_modules/@quenty/coreguienabler": {
            "version": "12.20.1",
            "resolved": "https://registry.npmjs.org/@quenty/coreguienabler/-/coreguienabler-12.20.1.tgz",
            "integrity": "sha512-Y5oyW5fa13bBOkxd+39+tBoH1hqe+CwcVKWJRODkdGIuzust2h7b9wETyLjU+Rk+lcopwy4EAOlSmABotydW2Q==",
            "license": "MIT",
            "dependencies": {
                "@quenty/characterutils": "^12.20.1",
                "@quenty/loader": "^10.9.0",
                "@quenty/maid": "^3.5.0",
                "@quenty/rx": "^13.18.1",
                "@quenty/symbol": "^3.5.0"
            },
            "funding": {
                "type": "patreon",
                "url": "https://www.patreon.com/quenty"
            }
        },
        "node_modules/@quenty/datastore": {
            "version": "13.22.1",
            "resolved": "https://registry.npmjs.org/@quenty/datastore/-/datastore-13.22.1.tgz",
            "integrity": "sha512-TXPW2xibZYsakUAGd3xqdhziB4uTlk+to7vJGBFWWlONNWNVU9+Aee80GR/oCM1mtR+jny0MLeghnfT/1tCQfg==",
            "license": "MIT",
            "dependencies": {
                "@quenty/baseobject": "^10.9.0",
                "@quenty/bindtocloseservice": "^8.18.1",
                "@quenty/loader": "^10.9.0",
                "@quenty/maid": "^3.5.0",
                "@quenty/math": "^2.7.3",
                "@quenty/pagesutils": "^5.12.0",
                "@quenty/promise": "^10.11.0",
                "@quenty/rx": "^13.18.1",
                "@quenty/servicebag": "^11.13.1",
                "@quenty/signal": "^7.11.1",
                "@quenty/symbol": "^3.5.0",
                "@quenty/table": "^3.8.0",
                "@quenty/valueobject": "^13.18.1"
            },
            "funding": {
                "type": "patreon",
                "url": "https://www.patreon.com/quenty"
            }
        },
        "node_modules/@quenty/deferred": {
            "version": "2.3.0",
            "resolved": "https://registry.npmjs.org/@quenty/deferred/-/deferred-2.3.0.tgz",
            "integrity": "sha512-KuLtPIgj+fA95QK5G0pTezBNJvSMdaRhm40O0iDr08JSdEKG8Xm3Ua4H9bexcmuXb8bbEsV3Dahs/1SrxZbr9g==",
            "license": "MIT",
            "funding": {
                "type": "patreon",
                "url": "https://www.patreon.com/quenty"
            }
        },
        "node_modules/@quenty/ducktype": {
            "version": "5.9.0",
            "resolved": "https://registry.npmjs.org/@quenty/ducktype/-/ducktype-5.9.0.tgz",
            "integrity": "sha512-+TvZHoiYQY+sflgS63mQ5C2or7Io6iYquWddk9OcOcjirKK9BkKcz1AlFY438XDzsS+7rO5dMp1FCRcihMQx6g==",
            "license": "MIT",
            "dependencies": {
                "@quenty/loader": "^10.9.0"
            },
            "funding": {
                "type": "patreon",
                "url": "https://www.patreon.com/quenty"
            }
        },
        "node_modules/@quenty/enumutils": {
            "version": "3.4.2",
            "resolved": "https://registry.npmjs.org/@quenty/enumutils/-/enumutils-3.4.2.tgz",
            "integrity": "sha512-Q4/DIevzbtKef3ozhzgk36wo+tUHQfUsFQrQKNu6J1BY0gVG7Kk55nADiH8Ha37bux+p637ul5/82YAUckebHA==",
            "license": "MIT",
            "funding": {
                "type": "patreon",
                "url": "https://www.patreon.com/quenty"
            }
        },
        "node_modules/@quenty/instanceutils": {
            "version": "13.18.1",
            "resolved": "https://registry.npmjs.org/@quenty/instanceutils/-/instanceutils-13.18.1.tgz",
            "integrity": "sha512-pO87dSK1Bu4NnT/CdWOvbpHO2/mVo+n0fwzVVUVMCZ+IFpa3fnoLTrqZkMjEJnSU3OapJ9mLretHDa+cPz6t7g==",
            "license": "MIT",
            "dependencies": {
                "@quenty/brio": "^14.18.1",
                "@quenty/loader": "^10.9.0",
                "@quenty/maid": "^3.5.0",
                "@quenty/rx": "^13.18.1",
                "@quenty/symbol": "^3.5.0"
            },
            "funding": {
                "type": "patreon",
                "url": "https://www.patreon.com/quenty"
            }
        },
        "node_modules/@quenty/loader": {
            "version": "10.9.0",
            "resolved": "https://registry.npmjs.org/@quenty/loader/-/loader-10.9.0.tgz",
            "integrity": "sha512-NB9l9Mw7t1fNYlCVpKg58Msa0KHgKpBPQGNkNs/4uP/FZv5EJfj/cpzRNg4tdJWTM9E/z5WDzRp90niDiW8Vbw==",
            "license": "MIT",
            "funding": {
                "type": "patreon",
                "url": "https://www.patreon.com/quenty"
            }
        },
        "node_modules/@quenty/maid": {
            "version": "3.5.0",
            "resolved": "https://registry.npmjs.org/@quenty/maid/-/maid-3.5.0.tgz",
            "integrity": "sha512-8nzpFT3S28UjUQaacPsbquNws6q/dZdilelid7K3uChnDKePvCveU/NdbPbXZ58H26CSAJ97txFvGcPYiwBnJw==",
            "license": "MIT",
            "funding": {
                "type": "patreon",
                "url": "https://www.patreon.com/quenty"
            }
        },
        "node_modules/@quenty/math": {
            "version": "2.7.3",
            "resolved": "https://registry.npmjs.org/@quenty/math/-/math-2.7.3.tgz",
            "integrity": "sha512-MdbR9C+mTpBFG2rR3mmgPNOYKzcbAb2qo/s5jab23GWxMV+NhfZroxixAplzKF405LC9Md6/+U1Fd9Ge+Q66qQ==",
            "license": "MIT",
            "funding": {
                "type": "patreon",
                "url": "https://www.patreon.com/quenty"
            }
        },
        "node_modules/@quenty/pagesutils": {
            "version": "5.12.0",
            "resolved": "https://registry.npmjs.org/@quenty/pagesutils/-/pagesutils-5.12.0.tgz",
            "integrity": "sha512-wkKQprd9SvAKXZxPZsfYtghqayhqAXPwFY4yRhaQ+XsjAh9+/q0pnvuw3hDd62PtIXm4aG9Q32CABTpqGQ9YRw==",
            "license": "MIT",
            "dependencies": {
                "@quenty/ducktype": "^5.9.0",
                "@quenty/loader": "^10.9.0",
                "@quenty/promise": "^10.11.0"
            },
            "funding": {
                "type": "patreon",
                "url": "https://www.patreon.com/quenty"
            }
        },
        "node_modules/@quenty/promise": {
            "version": "10.11.0",
            "resolved": "https://registry.npmjs.org/@quenty/promise/-/promise-10.11.0.tgz",
            "integrity": "sha512-PfZ4RnPs1BLdUkP+fAu0ExbUiiUVY2hbvQNTZhSIBBnGMDtPM6SZzKLApwfdGBiLiwRdQA90nRI9eRLvLEDuGA==",
            "license": "MIT",
            "dependencies": {
                "@quenty/deferred": "^2.3.0",
                "@quenty/loader": "^10.9.0",
                "@quenty/maid": "^3.5.0",
                "@quenty/math": "^2.7.3"
            },
            "funding": {
                "type": "patreon",
                "url": "https://www.patreon.com/quenty"
            }
        },
        "node_modules/@quenty/promisemaid": {
            "version": "5.11.0",
            "resolved": "https://registry.npmjs.org/@quenty/promisemaid/-/promisemaid-5.11.0.tgz",
            "integrity": "sha512-MoazCNyLMcrVmDCxQ9nc8rWb0bsPl1tVzIFj85tHGMeUE98RcPOW+/JG9H1MxGR5HQXw64fJsHHYUTORxO2b/Q==",
            "license": "MIT",
            "dependencies": {
                "@quenty/loader": "^10.9.0",
                "@quenty/maid": "^3.5.0",
                "@quenty/promise": "^10.11.0"
            },
            "funding": {
                "type": "patreon",
                "url": "https://www.patreon.com/quenty"
            }
        },
        "node_modules/@quenty/pseudolocalize": {
            "version": "3.5.0",
            "resolved": "https://registry.npmjs.org/@quenty/pseudolocalize/-/pseudolocalize-3.5.0.tgz",
            "integrity": "sha512-kzeDafA+8WVq2wyu++mKKNltv/YnhyCLt+odZCNbAkydE1Quj7jHC+9gLEyH3OuWfkSxIQopw/6Qr320C1xSQg==",
            "license": "MIT",
            "funding": {
                "type": "patreon",
                "url": "https://www.patreon.com/quenty"
            }
        },
        "node_modules/@quenty/rx": {
            "version": "13.18.1",
            "resolved": "https://registry.npmjs.org/@quenty/rx/-/rx-13.18.1.tgz",
            "integrity": "sha512-/UJI3D5NJtTtTDdp74VqP66Hpp2w7nnBM7GibLQAZLQwm48PUqWoxjqA/7S8D30r11dwpliHHeUI5ZBZDyn8eQ==",
            "license": "MIT",
            "dependencies": {
                "@quenty/cancellabledelay": "^3.6.0",
                "@quenty/canceltoken": "^11.12.1",
                "@quenty/ducktype": "^5.9.0",
                "@quenty/loader": "^10.9.0",
                "@quenty/maid": "^3.5.0",
                "@quenty/promise": "^10.11.0",
                "@quenty/signal": "^7.11.1",
                "@quenty/symbol": "^3.5.0",
                "@quenty/table": "^3.8.0",
                "@quenty/throttle": "^10.10.0",
                "@quenty/typeutils": "^1.1.0"
            },
            "funding": {
                "type": "patreon",
                "url": "https://www.patreon.com/quenty"
            }
        },
        "node_modules/@quenty/rxsignal": {
            "version": "7.18.1",
            "resolved": "https://registry.npmjs.org/@quenty/rxsignal/-/rxsignal-7.18.1.tgz",
            "integrity": "sha512-rr+Sp6XIdWyFbLec9C1x0wF0yYmZiWmi6p75Hpwj7qINakbMzaQ4tH0Vyqu2Iu+SF29SMPj0z379I3Q3TIvdEw==",
            "license": "MIT",
            "dependencies": {
                "@quenty/loader": "^10.9.0",
                "@quenty/rx": "^13.18.1"
            },
            "funding": {
                "type": "patreon",
                "url": "https://www.patreon.com/quenty"
            }
        },
        "node_modules/@quenty/servicebag": {
            "version": "11.13.1",
            "resolved": "https://registry.npmjs.org/@quenty/servicebag/-/servicebag-11.13.1.tgz",
            "integrity": "sha512-Y4cNq90VE/SjWe/QjqzV4D7CdZFTFYY2Hl7enOyVgMZ84YPzLcgm4V9vl0HPghwoD4JGdnJ9i2uK81++35zcMg==",
            "license": "MIT",
            "dependencies": {
                "@quenty/baseobject": "^10.9.0",
                "@quenty/loader": "^10.9.0",
                "@quenty/signal": "^7.11.1"
            },
            "funding": {
                "type": "patreon",
                "url": "https://www.patreon.com/quenty"
            }
        },
        "node_modules/@quenty/signal": {
            "version": "7.11.1",
            "resolved": "https://registry.npmjs.org/@quenty/signal/-/signal-7.11.1.tgz",
            "integrity": "sha512-LgZOTgAAsHT0jifPz+Okyek71561zL72A8lxVplGIERbTklYw8IBqFtNMj18nrceTI6csFfef9NoPNOT4COPeg==",
            "license": "MIT",
            "dependencies": {
                "@quenty/loader": "^10.9.0"
            },
            "funding": {
                "type": "patreon",
                "url": "https://www.patreon.com/quenty"
            }
        },
        "node_modules/@quenty/softshutdown": {
            "version": "9.26.1",
            "resolved": "https://registry.npmjs.org/@quenty/softshutdown/-/softshutdown-9.26.1.tgz",
            "integrity": "sha512-1o06nVwK2rqmCurPH5hFQKToIkOreXlTHfeEHqVhsaccHqGB6nuXEeresVUkYiEP1QD+6h1AaxBnCirOKP7D1g==",
            "license": "MIT",
            "dependencies": {
                "@quenty/attributeutils": "^14.18.1",
                "@quenty/baseobject": "^10.9.0",
                "@quenty/basicpane": "^13.18.1",
                "@quenty/bindtocloseservice": "^8.18.1",
                "@quenty/blend": "^12.19.1",
                "@quenty/clienttranslator": "^14.20.1",
                "@quenty/coreguienabler": "^12.20.1",
                "@quenty/datastore": "^13.22.1",
                "@quenty/loader": "^10.9.0",
                "@quenty/maid": "^3.5.0",
                "@quenty/math": "^2.7.3",
                "@quenty/promise": "^10.11.0",
                "@quenty/rx": "^13.18.1",
                "@quenty/servicebag": "^11.13.1",
                "@quenty/table": "^3.8.0",
                "@quenty/teleportserviceutils": "^9.18.1",
                "@quenty/uiobjectutils": "^6.17.1",
                "@quenty/valuebaseutils": "^13.18.1",
                "@quenty/valueobject": "^13.18.1"
            },
            "funding": {
                "type": "patreon",
                "url": "https://www.patreon.com/quenty"
            }
        },
        "node_modules/@quenty/spring": {
            "version": "10.9.0",
            "resolved": "https://registry.npmjs.org/@quenty/spring/-/spring-10.9.0.tgz",
            "integrity": "sha512-t4dZF9h4QUdeOHhrVORtm3qxBLMUKMq4Gm5sohvlH8eAKLyHIj4gJtF3kJcyeixIphbsDpZPEzljfSJD1lNiyw==",
            "license": "MIT",
            "dependencies": {
                "@quenty/ducktype": "^5.9.0",
                "@quenty/loader": "^10.9.0"
            },
            "funding": {
                "type": "patreon",
                "url": "https://www.patreon.com/quenty"
            }
        },
        "node_modules/@quenty/steputils": {
            "version": "3.6.0",
            "resolved": "https://registry.npmjs.org/@quenty/steputils/-/steputils-3.6.0.tgz",
            "integrity": "sha512-7E5kQeXnREaPp2BbD/ypoNOvKoENB+kVsA/38htiIJyac/VdKseM9SjxgOWSPQo8llXQWk0knI+XO6t0iZPIeA==",
            "license": "MIT",
            "funding": {
                "type": "patreon",
                "url": "https://www.patreon.com/quenty"
            }
        },
        "node_modules/@quenty/string": {
            "version": "3.3.3",
            "resolved": "https://registry.npmjs.org/@quenty/string/-/string-3.3.3.tgz",
            "integrity": "sha512-A6+DUEjmllLjXBDx1VSQEmNOivSE50q619lBrjuJUHbHtEr/A1jdgyy4EM6znC5wOhAVyuUmThbSn53SPpus+A==",
            "license": "MIT",
            "funding": {
                "type": "patreon",
                "url": "https://www.patreon.com/quenty"
            }
        },
        "node_modules/@quenty/symbol": {
            "version": "3.5.0",
            "resolved": "https://registry.npmjs.org/@quenty/symbol/-/symbol-3.5.0.tgz",
            "integrity": "sha512-8ngXF9KjE57pTwUrX3gPOttNHa/6vQ8xAdmBfLsP1wPx2e/WyWwd9rr7E3GmfPM8tvuZUUNocePM+oJb4Ccuqg==",
            "license": "MIT",
            "funding": {
                "type": "patreon",
                "url": "https://www.patreon.com/quenty"
            }
        },
        "node_modules/@quenty/table": {
            "version": "3.8.0",
            "resolved": "https://registry.npmjs.org/@quenty/table/-/table-3.8.0.tgz",
            "integrity": "sha512-e/jopMNXPPq+gKLHsWWT3S4JBCVeqRFZCcxKiz9jVhlweBtYGo29/pDn8tWaSDOqeupKxnW5L3OUCo/gGkiwgg==",
            "license": "MIT",
            "funding": {
                "type": "patreon",
                "url": "https://www.patreon.com/quenty"
            }
        },
        "node_modules/@quenty/teleportserviceutils": {
            "version": "9.18.1",
            "resolved": "https://registry.npmjs.org/@quenty/teleportserviceutils/-/teleportserviceutils-9.18.1.tgz",
            "integrity": "sha512-GcVwzeest3LDb3+NHl6t/EsXI/MNirjD1ogZEay6ApDdM9EdmYLEZoXXl3MZT3Tm4WSSHNtwwT0mtxm3jRTobQ==",
            "license": "MIT",
            "dependencies": {
                "@quenty/brio": "^14.18.1",
                "@quenty/loader": "^10.9.0",
                "@quenty/maid": "^3.5.0",
                "@quenty/promise": "^10.11.0",
                "@quenty/rx": "^13.18.1",
                "@quenty/valueobject": "^13.18.1"
            },
            "funding": {
                "type": "patreon",
                "url": "https://www.patreon.com/quenty"
            }
        },
        "node_modules/@quenty/throttle": {
            "version": "10.10.0",
            "resolved": "https://registry.npmjs.org/@quenty/throttle/-/throttle-10.10.0.tgz",
            "integrity": "sha512-3rCzFsWi6DMQVYA5rzpCGNLU8Fmr/NAbIC0VD3HNb7j5vp3EzQgXbxXRy5QbYUn//x6iRjo05EuLDMLPm0PM4A==",
            "license": "MIT",
            "dependencies": {
                "@quenty/loader": "^10.9.0",
                "@quenty/typeutils": "^1.1.0"
            },
            "funding": {
                "type": "patreon",
                "url": "https://www.patreon.com/quenty"
            }
        },
        "node_modules/@quenty/typeutils": {
            "version": "1.1.0",
            "resolved": "https://registry.npmjs.org/@quenty/typeutils/-/typeutils-1.1.0.tgz",
            "integrity": "sha512-GBSwPmvZIJzQPWdEtIgzQ6zHnV+PraF8U6VYERl7FUZXcfSovxdG4CJXwY9Hs+wHT9KuSHx+GI19KILGiW3P1g==",
            "license": "MIT",
            "dependencies": {
                "@quenty/loader": "^10.9.0"
            },
            "funding": {
                "type": "patreon",
                "url": "https://www.patreon.com/quenty"
            }
        },
        "node_modules/@quenty/uiobjectutils": {
            "version": "6.17.1",
            "resolved": "https://registry.npmjs.org/@quenty/uiobjectutils/-/uiobjectutils-6.17.1.tgz",
            "integrity": "sha512-p7kHMlNztYxZjW291KWF2MVOn5gFvK1W75dirsl4JTpzCg1Ym6iNEMICu8eLOcxFCceLr0u7/JGBQC6143BguQ==",
            "license": "MIT",
            "dependencies": {
                "@quenty/brio": "^14.18.1",
                "@quenty/enumutils": "^3.4.2",
                "@quenty/instanceutils": "^13.18.1",
                "@quenty/loader": "^10.9.0",
                "@quenty/rx": "^13.18.1"
            },
            "funding": {
                "type": "patreon",
                "url": "https://www.patreon.com/quenty"
            }
        },
        "node_modules/@quenty/valuebaseutils": {
            "version": "13.18.1",
            "resolved": "https://registry.npmjs.org/@quenty/valuebaseutils/-/valuebaseutils-13.18.1.tgz",
            "integrity": "sha512-4A2WegesXreKWR96Pb1wo4Ty5BtL+FlQmR82o1Uu5tcO/tnKuRI8/oaf9IfB3X5eswSFfcqzLxAnX6aAYYlEsA==",
            "license": "MIT",
            "dependencies": {
                "@quenty/brio": "^14.18.1",
                "@quenty/instanceutils": "^13.18.1",
                "@quenty/loader": "^10.9.0",
                "@quenty/promise": "^10.11.0",
                "@quenty/rx": "^13.18.1",
                "@quenty/rxsignal": "^7.18.1"
            },
            "funding": {
                "type": "patreon",
                "url": "https://www.patreon.com/quenty"
            }
        },
        "node_modules/@quenty/valueobject": {
            "version": "13.18.1",
            "resolved": "https://registry.npmjs.org/@quenty/valueobject/-/valueobject-13.18.1.tgz",
            "integrity": "sha512-Sm1cN/ukHYlQANKTBkowRLJZtM/jAPz7yR7Wb0uuVZoAP7gaFkmQz1yjantkFV5O5MmodsdDAzSJaJESx69+gA==",
            "license": "MIT",
            "dependencies": {
                "@quenty/brio": "^14.18.1",
                "@quenty/ducktype": "^5.9.0",
                "@quenty/loader": "^10.9.0",
                "@quenty/maid": "^3.5.0",
                "@quenty/rx": "^13.18.1",
                "@quenty/signal": "^7.11.1",
                "@quenty/valuebaseutils": "^13.18.1"
            },
            "funding": {
                "type": "patreon",
                "url": "https://www.patreon.com/quenty"
            }
        }
    }
}
