{
    "name": "softshutdown",
    "version": "1.0.0",
    "lockfileVersion": 3,
    "requires": true,
    "packages": {
        "": {
            "name": "softshutdown",
            "version": "1.0.0",
            "license": "MIT",
            "dependencies": {
                "@quenty/loader": "^7.1.0",
                "@quenty/servicebag": "^7.1.0",
                "@quenty/softshutdown": "^4.3.0"
            }
        },
        "node_modules/@quenty/acceltween": {
            "version": "2.3.0",
            "resolved": "https://registry.npmjs.org/@quenty/acceltween/-/acceltween-2.3.0.tgz",
            "integrity": "sha512-M0nfzA80sYSKdU4ytW5qSzZruyrdJej1k0skv9c/J3lpyABBnA9osCdr6I59l4vHGTMYPJCZjpz76IoDlNyyQg==",
            "funding": {
                "type": "patreon",
                "url": "https://www.patreon.com/quenty"
            }
        },
        "node_modules/@quenty/attributeutils": {
            "version": "9.3.0",
            "resolved": "https://registry.npmjs.org/@quenty/attributeutils/-/attributeutils-9.3.0.tgz",
            "integrity": "sha512-3ANigYXUovqx1a5RE6alUtXW4xkqUrb/G6u4Yska67tTaTjlK7AiURZiOQmvWw6HZNVEKEN3E5udyrNA3EmNdg==",
            "dependencies": {
                "@quenty/brio": "^9.3.0",
                "@quenty/canceltoken": "^7.2.0",
                "@quenty/loader": "^7.1.0",
                "@quenty/maid": "^2.6.0",
                "@quenty/promise": "^7.1.0",
                "@quenty/rx": "^8.3.0",
                "@quenty/rxsignal": "^2.3.0",
                "@quenty/symbol": "^2.2.0"
            },
            "funding": {
                "type": "patreon",
                "url": "https://www.patreon.com/quenty"
            }
        },
        "node_modules/@quenty/baseobject": {
            "version": "7.1.0",
            "resolved": "https://registry.npmjs.org/@quenty/baseobject/-/baseobject-7.1.0.tgz",
            "integrity": "sha512-L7Vw+/H1khrNVrEZqYvzJdjU06cJguvlafBICaZUoI/eUUmj5b/ndw9xXNMpUrSf3WuVO+nzws6XrCAZLJNcpQ==",
            "dependencies": {
                "@quenty/loader": "^7.1.0",
                "@quenty/maid": "^2.6.0"
            },
            "funding": {
                "type": "patreon",
                "url": "https://www.patreon.com/quenty"
            }
        },
        "node_modules/@quenty/basicpane": {
            "version": "8.3.0",
            "resolved": "https://registry.npmjs.org/@quenty/basicpane/-/basicpane-8.3.0.tgz",
            "integrity": "sha512-whd1ljmq8PPWgKIw0z0sP15nU3ruX56aeTPHlfYjduCm8yWI3V1mrFsGy+/5LhuBhA53I56vErTATR1x5KKKDg==",
            "dependencies": {
                "@quenty/brio": "^9.3.0",
                "@quenty/loader": "^7.1.0",
                "@quenty/maid": "^2.6.0",
                "@quenty/rx": "^8.3.0",
                "@quenty/signal": "^3.1.0"
            },
            "funding": {
                "type": "patreon",
                "url": "https://www.patreon.com/quenty"
            }
        },
        "node_modules/@quenty/bindtocloseservice": {
            "version": "3.3.0",
            "resolved": "https://registry.npmjs.org/@quenty/bindtocloseservice/-/bindtocloseservice-3.3.0.tgz",
            "integrity": "sha512-JM/DYQNMNwgIkzWzQgsj/Cxna0iVdBgMhyMhfwhIUUzMu1N0CKfHj5lHSDYinRlyOPwv0j0/g0sO8uGHI9l4LA==",
            "dependencies": {
                "@quenty/loader": "^7.1.0",
                "@quenty/maid": "^2.6.0",
                "@quenty/promise": "^7.1.0",
                "@quenty/symbol": "^2.2.0"
            },
            "funding": {
                "type": "patreon",
                "url": "https://www.patreon.com/quenty"
            }
        },
        "node_modules/@quenty/blend": {
            "version": "7.3.0",
            "resolved": "https://registry.npmjs.org/@quenty/blend/-/blend-7.3.0.tgz",
            "integrity": "sha512-x+JRKuycTj4L8QNsIV0vnX8dR9yDcVRF16POznf9ENbRyA+wT5oi5eQ7WrzA+yeKlXK1z/szdF/Q8eZFyPNQag==",
            "dependencies": {
                "@quenty/acceltween": "^2.3.0",
                "@quenty/brio": "^9.3.0",
                "@quenty/instanceutils": "^8.3.0",
                "@quenty/loader": "^7.1.0",
                "@quenty/maid": "^2.6.0",
                "@quenty/promise": "^7.1.0",
                "@quenty/rx": "^8.3.0",
                "@quenty/signal": "^3.1.0",
                "@quenty/spring": "^7.1.0",
                "@quenty/steputils": "^3.3.0",
                "@quenty/string": "^3.1.0",
                "@quenty/valuebaseutils": "^8.3.0",
                "@quenty/valueobject": "^8.3.0"
            },
            "funding": {
                "type": "patreon",
                "url": "https://www.patreon.com/quenty"
            }
        },
        "node_modules/@quenty/brio": {
            "version": "9.3.0",
            "resolved": "https://registry.npmjs.org/@quenty/brio/-/brio-9.3.0.tgz",
            "integrity": "sha512-10XFxSLMYiJCNZvkCt0LJ2TgrdqeSTokWg2yq8TXkD3v8DYO8f7xkuZT66nYkUN0hWISNn5lRqD6v0/QIFA9+w==",
            "dependencies": {
                "@quenty/loader": "^7.1.0",
                "@quenty/maid": "^2.6.0",
                "@quenty/rx": "^8.3.0",
                "@quenty/signal": "^3.1.0",
                "@quenty/steputils": "^3.3.0"
            },
            "funding": {
                "type": "patreon",
                "url": "https://www.patreon.com/quenty"
            }
        },
        "node_modules/@quenty/cancellabledelay": {
            "version": "3.4.0",
            "resolved": "https://registry.npmjs.org/@quenty/cancellabledelay/-/cancellabledelay-3.4.0.tgz",
            "integrity": "sha512-rDznDAhRVejUWXTXn/kdz+OqNNMdI4ZhWWrqFofmbl1Vtf28H52YM7H8yKzI/gzMACZzIjbyTzgYAzdxnVyhQQ==",
            "funding": {
                "type": "patreon",
                "url": "https://www.patreon.com/quenty"
            }
        },
        "node_modules/@quenty/canceltoken": {
            "version": "7.2.0",
            "resolved": "https://registry.npmjs.org/@quenty/canceltoken/-/canceltoken-7.2.0.tgz",
            "integrity": "sha512-6ACkrE3yPtvDS58z5S/he0ALbiPTr3Sv5BXcQjGULZJRYOuCbubOwEl6RdMYxiImLFtbvhbnWtynN6l5xulaLQ==",
            "dependencies": {
                "@quenty/loader": "^7.1.0",
                "@quenty/maid": "^2.6.0",
                "@quenty/promise": "^7.1.0",
                "@quenty/signal": "^3.1.0"
            },
            "funding": {
                "type": "patreon",
                "url": "https://www.patreon.com/quenty"
            }
        },
        "node_modules/@quenty/characterutils": {
            "version": "7.3.0",
            "resolved": "https://registry.npmjs.org/@quenty/characterutils/-/characterutils-7.3.0.tgz",
            "integrity": "sha512-Swqz8ivAWHB5CQfmT1AJf1PXY0C2ZDRRmX0o6R5FZ9j6TKPc/99L1219BQ4nNzts+XkbTXviv76jsMbVIjSyDg==",
            "dependencies": {
                "@quenty/brio": "^9.3.0",
                "@quenty/deferred": "^2.1.0",
                "@quenty/instanceutils": "^8.3.0",
                "@quenty/loader": "^7.1.0",
                "@quenty/maid": "^2.6.0",
                "@quenty/promise": "^7.1.0",
                "@quenty/rx": "^8.3.0"
            },
            "funding": {
                "type": "patreon",
                "url": "https://www.patreon.com/quenty"
            }
        },
        "node_modules/@quenty/clienttranslator": {
            "version": "9.3.0",
            "resolved": "https://registry.npmjs.org/@quenty/clienttranslator/-/clienttranslator-9.3.0.tgz",
            "integrity": "sha512-xRzAtnEsU69onb6S9X9tU8gZhd8isJBJF4oRpk0L7o9Q6HF2OwLBB53eBYEORX0AumvThKBET5dQOGxJ4chXww==",
            "dependencies": {
                "@quenty/blend": "^7.3.0",
                "@quenty/instanceutils": "^8.3.0",
                "@quenty/loader": "^7.1.0",
                "@quenty/maid": "^2.6.0",
                "@quenty/promise": "^7.1.0",
                "@quenty/pseudolocalize": "^3.2.0",
                "@quenty/rx": "^8.3.0",
                "@quenty/string": "^3.1.0",
                "@quenty/table": "^3.4.0"
            },
            "funding": {
                "type": "patreon",
                "url": "https://www.patreon.com/quenty"
            }
        },
        "node_modules/@quenty/coreguienabler": {
            "version": "7.3.0",
            "resolved": "https://registry.npmjs.org/@quenty/coreguienabler/-/coreguienabler-7.3.0.tgz",
            "integrity": "sha512-/RLea0b4uY5MhsExFw06JJHFlf7Ia7WQa1slQa5mc66s4eEdHclLociq6i/Ipxg+bECYDMN5K3nBpuzZZMghbA==",
            "dependencies": {
                "@quenty/characterutils": "^7.3.0",
                "@quenty/loader": "^7.1.0",
                "@quenty/maid": "^2.6.0",
                "@quenty/rx": "^8.3.0",
                "@quenty/symbol": "^2.2.0"
            },
            "funding": {
                "type": "patreon",
                "url": "https://www.patreon.com/quenty"
            }
        },
        "node_modules/@quenty/datastore": {
            "version": "8.3.0",
            "resolved": "https://registry.npmjs.org/@quenty/datastore/-/datastore-8.3.0.tgz",
            "integrity": "sha512-55161ZoBRisYzuYQQme7T/4BKofdVbi1u6JhgLWmj7ITjMxYe5oDb+F83vymot9NrtcTElJ9fmhTpoLcXOvJxQ==",
            "dependencies": {
                "@quenty/baseobject": "^7.1.0",
                "@quenty/bindtocloseservice": "^3.3.0",
                "@quenty/loader": "^7.1.0",
                "@quenty/maid": "^2.6.0",
                "@quenty/math": "^2.5.0",
                "@quenty/promise": "^7.1.0",
                "@quenty/rx": "^8.3.0",
                "@quenty/servicebag": "^7.1.0",
                "@quenty/signal": "^3.1.0",
                "@quenty/symbol": "^2.2.0",
                "@quenty/table": "^3.4.0",
                "@quenty/valueobject": "^8.3.0"
            },
            "funding": {
                "type": "patreon",
                "url": "https://www.patreon.com/quenty"
            }
        },
        "node_modules/@quenty/deferred": {
            "version": "2.1.0",
            "resolved": "https://registry.npmjs.org/@quenty/deferred/-/deferred-2.1.0.tgz",
            "integrity": "sha512-8EAdnGtdCyDufQ1cA2Nlw6jtU+MS8PeiR4401tddJfOsZmP7SPq/yZ01r67Z7QEiQ1S/EBAHQE9kICkhwapVwA==",
            "funding": {
                "type": "patreon",
                "url": "https://www.patreon.com/quenty"
            }
        },
        "node_modules/@quenty/enumutils": {
            "version": "3.1.0",
            "resolved": "https://registry.npmjs.org/@quenty/enumutils/-/enumutils-3.1.0.tgz",
            "integrity": "sha512-NMtFsRMqP1HLziisK9ZwThBiOzMmmEgvv/pEcKHxCmbx/wRBzeNbmEkK3JWBCOItTb8hfC9ARcnYvSRlYYQIOQ==",
            "funding": {
                "type": "patreon",
                "url": "https://www.patreon.com/quenty"
            }
        },
        "node_modules/@quenty/instanceutils": {
            "version": "8.3.0",
            "resolved": "https://registry.npmjs.org/@quenty/instanceutils/-/instanceutils-8.3.0.tgz",
            "integrity": "sha512-H+qlpqyGodG2BuWzpKmbzJgkJLsKNqkKxU3qruY9rZOdG0dM0KzhoCi8ydd3pljGKN1Qu6MsCJVMCU3DzkF77Q==",
            "dependencies": {
                "@quenty/brio": "^9.3.0",
                "@quenty/loader": "^7.1.0",
                "@quenty/maid": "^2.6.0",
                "@quenty/rx": "^8.3.0",
                "@quenty/symbol": "^2.2.0"
            },
            "funding": {
                "type": "patreon",
                "url": "https://www.patreon.com/quenty"
            }
        },
        "node_modules/@quenty/loader": {
            "version": "7.1.0",
            "resolved": "https://registry.npmjs.org/@quenty/loader/-/loader-7.1.0.tgz",
            "integrity": "sha512-HyQvlZdqKjLGD26hNaR20EiIiViQwwuRynBwq58XY9osKnnNZKAqZ6UGCWplN+j8ooE+qG8u4FkAn/tK++RGNQ==",
            "funding": {
                "type": "patreon",
                "url": "https://www.patreon.com/quenty"
            }
        },
        "node_modules/@quenty/maid": {
            "version": "2.6.0",
            "resolved": "https://registry.npmjs.org/@quenty/maid/-/maid-2.6.0.tgz",
            "integrity": "sha512-rIo3S55ZsEmzDIXklh+mSzBEbw3GxhkTUDjsN5oNmhAOWsVYcPOVdq87l/KYMmY5gX44mW3a/gUdxYay5mD+6A==",
            "funding": {
                "type": "patreon",
                "url": "https://www.patreon.com/quenty"
            }
        },
        "node_modules/@quenty/math": {
            "version": "2.5.0",
            "resolved": "https://registry.npmjs.org/@quenty/math/-/math-2.5.0.tgz",
            "integrity": "sha512-giffN11w9xyFupXut9rk3sRgvBiOKk4nmboOOj0LCJOzAhq8hg4572mEB4J98Ju2HfZfBxc3IPyGglNduGPQsQ==",
            "funding": {
                "type": "patreon",
                "url": "https://www.patreon.com/quenty"
            }
        },
        "node_modules/@quenty/promise": {
            "version": "7.1.0",
            "resolved": "https://registry.npmjs.org/@quenty/promise/-/promise-7.1.0.tgz",
            "integrity": "sha512-TeehvoNxpAFqSiIzA4MMrkYT7/EOQEeFlUcCRHzMaz5sbMpZvlE7RZIdf3DlI57dHNLeQOk6OBv/sCD2BwMWNA==",
            "dependencies": {
                "@quenty/deferred": "^2.1.0",
                "@quenty/loader": "^7.1.0",
                "@quenty/maid": "^2.6.0"
            },
            "funding": {
                "type": "patreon",
                "url": "https://www.patreon.com/quenty"
            }
        },
        "node_modules/@quenty/pseudolocalize": {
            "version": "3.2.0",
            "resolved": "https://registry.npmjs.org/@quenty/pseudolocalize/-/pseudolocalize-3.2.0.tgz",
            "integrity": "sha512-sNtU56TQAfKIegJR0NihScnbdJtXqyi5R/tycJMb2xhxD0JeD14J7by85NAbsAcz6+qRYPH+FbRAT+ma8vmeCQ==",
            "funding": {
                "type": "patreon",
                "url": "https://www.patreon.com/quenty"
            }
        },
        "node_modules/@quenty/rx": {
            "version": "8.3.0",
            "resolved": "https://registry.npmjs.org/@quenty/rx/-/rx-8.3.0.tgz",
            "integrity": "sha512-+55EyA6BQlpn+qnTqp9/bWmfkIJPHQrnTACQmBJLPCtLnx401ZTSXfGkOihRg3m/ByDM2CtPrako+8MnPCaZLw==",
            "dependencies": {
                "@quenty/cancellabledelay": "^3.4.0",
                "@quenty/canceltoken": "^7.2.0",
                "@quenty/loader": "^7.1.0",
                "@quenty/maid": "^2.6.0",
                "@quenty/promise": "^7.1.0",
                "@quenty/signal": "^3.1.0",
                "@quenty/symbol": "^2.2.0",
                "@quenty/table": "^3.4.0",
                "@quenty/throttle": "^7.1.0"
            },
            "funding": {
                "type": "patreon",
                "url": "https://www.patreon.com/quenty"
            }
        },
        "node_modules/@quenty/rxsignal": {
            "version": "2.3.0",
            "resolved": "https://registry.npmjs.org/@quenty/rxsignal/-/rxsignal-2.3.0.tgz",
            "integrity": "sha512-vSH/vXkY5lWRMHsNQ9UHAM5ajvmY5j695dwLZgCtPh6Y1LgkWSwoX7mAM+Pebv/NFkqWXdghR3QSH3dGHznIXQ==",
            "dependencies": {
                "@quenty/loader": "^7.1.0",
                "@quenty/rx": "^8.3.0"
            },
            "funding": {
                "type": "patreon",
                "url": "https://www.patreon.com/quenty"
            }
        },
        "node_modules/@quenty/servicebag": {
            "version": "7.1.0",
            "resolved": "https://registry.npmjs.org/@quenty/servicebag/-/servicebag-7.1.0.tgz",
            "integrity": "sha512-zFR4EzoaZhTS1DZtUTyC86Q9iIJ8iHYBRrTEYafqnBAXhllEXsyoWXu1afQa2SqlprUjFgha8FlHgCB80ZE+QA==",
            "dependencies": {
                "@quenty/baseobject": "^7.1.0",
                "@quenty/loader": "^7.1.0",
                "@quenty/signal": "^3.1.0"
            },
            "funding": {
                "type": "patreon",
                "url": "https://www.patreon.com/quenty"
            }
        },
        "node_modules/@quenty/signal": {
            "version": "3.1.0",
            "resolved": "https://registry.npmjs.org/@quenty/signal/-/signal-3.1.0.tgz",
            "integrity": "sha512-PLUvJZilk1CBiyugiyOMGYXBY2o4r4lGtRaNKPM4FPRSC7KfD3p/Phi5iG+J3ochiL/Alm6us+udL6WcZVOBaw==",
            "dependencies": {
                "@quenty/loader": "^7.1.0"
            },
            "funding": {
                "type": "patreon",
                "url": "https://www.patreon.com/quenty"
            }
        },
        "node_modules/@quenty/softshutdown": {
            "version": "4.3.0",
            "resolved": "https://registry.npmjs.org/@quenty/softshutdown/-/softshutdown-4.3.0.tgz",
            "integrity": "sha512-yWJxSVdwzTT0PExmFEsSbZVGkLWyu9Kos6ddfsQTJak9edcqpTB3aw1fAialcTBauGDX9Bn9BcBn9BeLLqB0/w==",
            "dependencies": {
                "@quenty/attributeutils": "^9.3.0",
                "@quenty/baseobject": "^7.1.0",
                "@quenty/basicpane": "^8.3.0",
                "@quenty/bindtocloseservice": "^3.3.0",
                "@quenty/blend": "^7.3.0",
                "@quenty/clienttranslator": "^9.3.0",
                "@quenty/coreguienabler": "^7.3.0",
                "@quenty/datastore": "^8.3.0",
                "@quenty/loader": "^7.1.0",
                "@quenty/maid": "^2.6.0",
                "@quenty/math": "^2.5.0",
                "@quenty/promise": "^7.1.0",
                "@quenty/rx": "^8.3.0",
                "@quenty/servicebag": "^7.1.0",
                "@quenty/table": "^3.4.0",
                "@quenty/teleportserviceutils": "^4.3.0",
                "@quenty/uiobjectutils": "^3.5.0",
                "@quenty/valuebaseutils": "^8.3.0",
                "@quenty/valueobject": "^8.3.0"
            },
            "funding": {
                "type": "patreon",
                "url": "https://www.patreon.com/quenty"
            }
        },
        "node_modules/@quenty/spring": {
            "version": "7.1.0",
            "resolved": "https://registry.npmjs.org/@quenty/spring/-/spring-7.1.0.tgz",
            "integrity": "sha512-CaUJkQ7tuAVgLj/qEWzP6oiGIEV61aj+g77mXjvTCfJrCv8b4Y670RQarYDHgKq09lEkwdgoLYykyhdaQiXCtA==",
            "dependencies": {
                "@quenty/loader": "^7.1.0"
            },
            "funding": {
                "type": "patreon",
                "url": "https://www.patreon.com/quenty"
            }
        },
        "node_modules/@quenty/steputils": {
            "version": "3.3.0",
            "resolved": "https://registry.npmjs.org/@quenty/steputils/-/steputils-3.3.0.tgz",
            "integrity": "sha512-QQ1BCw9CweVLI/GGaTPrI6C+XHwAc8p2A/9TYTet1gndBeeC3OyIb+7u1UbAcrO6SDJjnY6BxWFRGCreVfp0AA==",
            "funding": {
                "type": "patreon",
                "url": "https://www.patreon.com/quenty"
            }
        },
        "node_modules/@quenty/string": {
            "version": "3.1.0",
            "resolved": "https://registry.npmjs.org/@quenty/string/-/string-3.1.0.tgz",
            "integrity": "sha512-KhRlGAUsZa0aYgzH4nwMIWAkNHolFu5YN+d+AnSRBdJA7ULzOaj9vChRE0QpdDLwE07dxVzjp14Vwefbil3QyA==",
            "funding": {
                "type": "patreon",
                "url": "https://www.patreon.com/quenty"
            }
        },
        "node_modules/@quenty/symbol": {
            "version": "2.2.0",
            "resolved": "https://registry.npmjs.org/@quenty/symbol/-/symbol-2.2.0.tgz",
            "integrity": "sha512-X7H0/gwo1Sg3d0XHBps29nJ55PN1VTtnhOtTWSe1gqNrqvQ4V7JTzMio3tkkbrmol4yX8EhZn2XUiUsRfmg5Lw==",
            "funding": {
                "type": "patreon",
                "url": "https://www.patreon.com/quenty"
            }
        },
        "node_modules/@quenty/table": {
            "version": "3.4.0",
            "resolved": "https://registry.npmjs.org/@quenty/table/-/table-3.4.0.tgz",
            "integrity": "sha512-vMSWYJEGAMGPlEWoXffOjVH9TcvncraZ/I+4+G8bF+wsmCOn2mg1R4yAez71ruJ8BS1fwRNefoDd/ly+A1eaqA==",
            "funding": {
                "type": "patreon",
                "url": "https://www.patreon.com/quenty"
            }
        },
        "node_modules/@quenty/teleportserviceutils": {
            "version": "4.3.0",
            "resolved": "https://registry.npmjs.org/@quenty/teleportserviceutils/-/teleportserviceutils-4.3.0.tgz",
            "integrity": "sha512-1DZ1tsoKUmQ4ZzyuMdplFmjyC5JVUv1p63gE2AjUXpm/+Nk8McA0/k86baW40uauFqM9NhXFIncOZpKxx+H5dA==",
            "dependencies": {
                "@quenty/brio": "^9.3.0",
                "@quenty/loader": "^7.1.0",
                "@quenty/maid": "^2.6.0",
                "@quenty/promise": "^7.1.0",
                "@quenty/rx": "^8.3.0",
                "@quenty/valueobject": "^8.3.0"
            },
            "funding": {
                "type": "patreon",
                "url": "https://www.patreon.com/quenty"
            }
        },
        "node_modules/@quenty/throttle": {
            "version": "7.1.0",
            "resolved": "https://registry.npmjs.org/@quenty/throttle/-/throttle-7.1.0.tgz",
            "integrity": "sha512-I0vFsTplBrWwAkdZzPYEyx5N8e9GK03do3MC6H6j+Lxu1lhpo930zTMaBlnXzALBitEA1LQs+m7EA33r+slhrA==",
            "dependencies": {
                "@quenty/loader": "^7.1.0"
            },
            "funding": {
                "type": "patreon",
                "url": "https://www.patreon.com/quenty"
            }
        },
        "node_modules/@quenty/uiobjectutils": {
            "version": "3.5.0",
            "resolved": "https://registry.npmjs.org/@quenty/uiobjectutils/-/uiobjectutils-3.5.0.tgz",
            "integrity": "sha512-x2ymLILjGCTlkAWmmIW3cOAzeSfYzopdFD/9+f8rXqf4EPSzNArTaNTkm2zV/5AdlT5SrSQiHJ3eVJGpBsFVwA==",
            "dependencies": {
                "@quenty/enumutils": "^3.1.0",
                "@quenty/loader": "^7.1.0"
            },
            "funding": {
                "type": "patreon",
                "url": "https://www.patreon.com/quenty"
            }
        },
        "node_modules/@quenty/valuebaseutils": {
            "version": "8.3.0",
            "resolved": "https://registry.npmjs.org/@quenty/valuebaseutils/-/valuebaseutils-8.3.0.tgz",
            "integrity": "sha512-zxGmk1Y/JEgyuSTNh7p1gYNlLedeEzPowImSv4PuOpRz4y1PaKIj4y7xSpOQGlTp5v8heaD3RB1ClXeQDaw3TQ==",
            "dependencies": {
                "@quenty/brio": "^9.3.0",
                "@quenty/instanceutils": "^8.3.0",
                "@quenty/loader": "^7.1.0",
                "@quenty/promise": "^7.1.0",
                "@quenty/rx": "^8.3.0",
                "@quenty/rxsignal": "^2.3.0"
            },
            "funding": {
                "type": "patreon",
                "url": "https://www.patreon.com/quenty"
            }
        },
        "node_modules/@quenty/valueobject": {
            "version": "8.3.0",
            "resolved": "https://registry.npmjs.org/@quenty/valueobject/-/valueobject-8.3.0.tgz",
            "integrity": "sha512-pT0tgnAZ1RxwYsuGQk4NNp3EG8EF4zm6kypxdazGjHnzAJhg8GidYKNTrpgXvof3ksPEfBpqqHHnmELV83Ylwg==",
            "dependencies": {
                "@quenty/brio": "^9.3.0",
                "@quenty/loader": "^7.1.0",
                "@quenty/maid": "^2.6.0",
                "@quenty/rx": "^8.3.0",
                "@quenty/signal": "^3.1.0",
                "@quenty/valuebaseutils": "^8.3.0"
            },
            "funding": {
                "type": "patreon",
                "url": "https://www.patreon.com/quenty"
            }
        }
    }
}
